
Microsoft Visual Studio Solution File, Format Version 12.00
# Visual Studio Version 16
VisualStudioVersion = 16.0.33529.622
MinimumVisualStudioVersion = 10.0.40219.1
Project("{FAE04EC0-301F-11D3-BF4B-00C04F79EFBC}") = "Examen", "Examen\Examen.csproj", "{6610CD42-AECE-470F-915C-795B431077D6}"
EndProject
Global
	GlobalSection(SolutionConfigurationPlatforms) = preSolution
		Debug|Any CPU = Debug|Any CPU
		Release|Any CPU = Release|Any CPU
	EndGlobalSection
	GlobalSection(ProjectConfigurationPlatforms) = postSolution
		{6610CD42-AECE-470F-915C-795B431077D6}.Debug|Any CPU.ActiveCfg = Debug|Any CPU
		{6610CD42-AECE-470F-915C-795B431077D6}.Debug|Any CPU.Build.0 = Debug|Any CPU
		{6610CD42-AECE-470F-915C-795B431077D6}.Release|Any CPU.ActiveCfg = Release|Any CPU
		{6610CD42-AECE-470F-915C-795B431077D6}.Release|Any CPU.Build.0 = Release|Any CPU
	EndGlobalSection
	GlobalSection(SolutionProperties) = preSolution
		HideSolutionNode = FALSE
	EndGlobalSection
	GlobalSection(ExtensibilityGlobals) = postSolution
		SolutionGuid = {526CB758-9032-4D8D-9860-F804D31AD31A}
	EndGlobalSection
EndGlobal
